
Microsoft Visual Studio Solution File, Format Version 12.00
# Visual Studio Version 16
VisualStudioVersion = 16.0.31702.278
MinimumVisualStudioVersion = 10.0.40219.1
Project("{FAE04EC0-301F-11D3-BF4B-00C04F79EFBC}") = "Aula123_ExProposto", "Aula123_ExProposto\Aula123_ExProposto.csproj", "{EE42E201-978D-4EB2-A802-A22661C2923A}"
EndProject
Global
	GlobalSection(SolutionConfigurationPlatforms) = preSolution
		Debug|Any CPU = Debug|Any CPU
		Release|Any CPU = Release|Any CPU
	EndGlobalSection
	GlobalSection(ProjectConfigurationPlatforms) = postSolution
		{EE42E201-978D-4EB2-A802-A22661C2923A}.Debug|Any CPU.ActiveCfg = Debug|Any CPU
		{EE42E201-978D-4EB2-A802-A22661C2923A}.Debug|Any CPU.Build.0 = Debug|Any CPU
		{EE42E201-978D-4EB2-A802-A22661C2923A}.Release|Any CPU.ActiveCfg = Release|Any CPU
		{EE42E201-978D-4EB2-A802-A22661C2923A}.Release|Any CPU.Build.0 = Release|Any CPU
	EndGlobalSection
	GlobalSection(SolutionProperties) = preSolution
		HideSolutionNode = FALSE
	EndGlobalSection
	GlobalSection(ExtensibilityGlobals) = postSolution
		SolutionGuid = {42D40883-0AFB-4C77-A8A7-7F5A6CC84BDB}
	EndGlobalSection
EndGlobal
